github.com/google/uuid v1.6.0 h1:NIvaJDMOsjHA8n1jAhLSgzrAzy1Hgr+hNrb57e+94F0=
github.com/google/uuid v1.6.0/go.mod h1:TIyPZe4MgqvfeYDBFedMoGGpEw/LqOeaOT+nhxU+yHo=
google.golang.org/genproto v0.0.0-20260414002931-afd174a4e478 h1:aLsVTW0lZ8+IY5u/ERjZSCvAmhuR7slKzyha3YikDNA=
google.golang.org/genproto v0.0.0-20260414002931-afd174a4e478/go.mod h1:YJAzKjfHIUHb9T+bfu8L7mthAp7VVXQBUs1PLdBWS7M=
google.golang.org/protobuf v1.36.11 h1:fV6ZwhNocDyBLK0dj+fg8ektcVegBBuEolpbTQyBNVE=
google.golang.org/protobuf v1.36.11/go.mod h1:HTf+CrKn2C3g5S8VImy6tdcUvCska2kB7j23XfzDpco=
